
Microsoft Visual Studio Solution File, Format Version 12.00
# Visual Studio Version 17
VisualStudioVersion = 17.4.33110.190
MinimumVisualStudioVersion = 10.0.40219.1
Project("{FAE04EC0-301F-11D3-BF4B-00C04F79EFBC}") = "FInal assignment parallel", "FInal assignment parallel\FInal assignment parallel.csproj", "{3DDD3B60-28FC-4E59-B809-015483E4F14D}"
EndProject
Global
	GlobalSection(SolutionConfigurationPlatforms) = preSolution
		Debug|Any CPU = Debug|Any CPU
		Release|Any CPU = Release|Any CPU
	EndGlobalSection
	GlobalSection(ProjectConfigurationPlatforms) = postSolution
		{3DDD3B60-28FC-4E59-B809-015483E4F14D}.Debug|Any CPU.ActiveCfg = Debug|Any CPU
		{3DDD3B60-28FC-4E59-B809-015483E4F14D}.Debug|Any CPU.Build.0 = Debug|Any CPU
		{3DDD3B60-28FC-4E59-B809-015483E4F14D}.Release|Any CPU.ActiveCfg = Release|Any CPU
		{3DDD3B60-28FC-4E59-B809-015483E4F14D}.Release|Any CPU.Build.0 = Release|Any CPU
	EndGlobalSection
	GlobalSection(SolutionProperties) = preSolution
		HideSolutionNode = FALSE
	EndGlobalSection
	GlobalSection(ExtensibilityGlobals) = postSolution
		SolutionGuid = {A0A77D0C-E91E-4D42-94E6-91DB6391F167}
	EndGlobalSection
EndGlobal
